
Microsoft Visual Studio Solution File, Format Version 12.00
# Visual Studio Version 16
VisualStudioVersion = 16.0.31205.134
MinimumVisualStudioVersion = 10.0.40219.1
Project("{FAE04EC0-301F-11D3-BF4B-00C04F79EFBC}") = "PdvSafeSales", "PdvSafeSales\PdvSafeSales.csproj", "{E6FF4989-97BB-4898-9D12-E2FC39E0520B}"
EndProject
Project("{FAE04EC0-301F-11D3-BF4B-00C04F79EFBC}") = "sistema.Dal", "sistema.Dal\sistema.Dal.csproj", "{61116B64-C5E1-47FB-9B71-9AE27955E557}"
EndProject
Global
	GlobalSection(SolutionConfigurationPlatforms) = preSolution
		Debug|Any CPU = Debug|Any CPU
		Release|Any CPU = Release|Any CPU
	EndGlobalSection
	GlobalSection(ProjectConfigurationPlatforms) = postSolution
		{E6FF4989-97BB-4898-9D12-E2FC39E0520B}.Debug|Any CPU.ActiveCfg = Debug|Any CPU
		{E6FF4989-97BB-4898-9D12-E2FC39E0520B}.Debug|Any CPU.Build.0 = Debug|Any CPU
		{E6FF4989-97BB-4898-9D12-E2FC39E0520B}.Release|Any CPU.ActiveCfg = Release|Any CPU
		{E6FF4989-97BB-4898-9D12-E2FC39E0520B}.Release|Any CPU.Build.0 = Release|Any CPU
		{61116B64-C5E1-47FB-9B71-9AE27955E557}.Debug|Any CPU.ActiveCfg = Debug|Any CPU
		{61116B64-C5E1-47FB-9B71-9AE27955E557}.Debug|Any CPU.Build.0 = Debug|Any CPU
		{61116B64-C5E1-47FB-9B71-9AE27955E557}.Release|Any CPU.ActiveCfg = Release|Any CPU
		{61116B64-C5E1-47FB-9B71-9AE27955E557}.Release|Any CPU.Build.0 = Release|Any CPU
	EndGlobalSection
	GlobalSection(SolutionProperties) = preSolution
		HideSolutionNode = FALSE
	EndGlobalSection
	GlobalSection(ExtensibilityGlobals) = postSolution
		SolutionGuid = {270A672B-8586-454B-8DDD-CE12347230DD}
	EndGlobalSection
EndGlobal
